
Microsoft Visual Studio Solution File, Format Version 12.00
# Visual Studio 15
VisualStudioVersion = 15.0.27703.2026
MinimumVisualStudioVersion = 10.0.40219.1
Project("{FAE04EC0-301F-11D3-BF4B-00C04F79EFBC}") = "DemoWeb", "DemoWeb\DemoWeb.csproj", "{C35040B3-57DF-46F6-BE4F-D98B18FC051E}"
EndProject
Project("{FAE04EC0-301F-11D3-BF4B-00C04F79EFBC}") = "Backend.Demo", "Backend.Demo\Backend.Demo.csproj", "{44533F5D-3DF8-4B2F-B11B-C007BA84E92C}"
EndProject
Global
	GlobalSection(SolutionConfigurationPlatforms) = preSolution
		Debug|Any CPU = Debug|Any CPU
		Release|Any CPU = Release|Any CPU
	EndGlobalSection
	GlobalSection(ProjectConfigurationPlatforms) = postSolution
		{C35040B3-57DF-46F6-BE4F-D98B18FC051E}.Debug|Any CPU.ActiveCfg = Debug|Any CPU
		{C35040B3-57DF-46F6-BE4F-D98B18FC051E}.Debug|Any CPU.Build.0 = Debug|Any CPU
		{C35040B3-57DF-46F6-BE4F-D98B18FC051E}.Release|Any CPU.ActiveCfg = Release|Any CPU
		{C35040B3-57DF-46F6-BE4F-D98B18FC051E}.Release|Any CPU.Build.0 = Release|Any CPU
		{44533F5D-3DF8-4B2F-B11B-C007BA84E92C}.Debug|Any CPU.ActiveCfg = Debug|Any CPU
		{44533F5D-3DF8-4B2F-B11B-C007BA84E92C}.Debug|Any CPU.Build.0 = Debug|Any CPU
		{44533F5D-3DF8-4B2F-B11B-C007BA84E92C}.Release|Any CPU.ActiveCfg = Release|Any CPU
		{44533F5D-3DF8-4B2F-B11B-C007BA84E92C}.Release|Any CPU.Build.0 = Release|Any CPU
	EndGlobalSection
	GlobalSection(SolutionProperties) = preSolution
		HideSolutionNode = FALSE
	EndGlobalSection
	GlobalSection(ExtensibilityGlobals) = postSolution
		SolutionGuid = {BA6A8501-4FE8-4E01-BAD9-7505F8CF5795}
	EndGlobalSection
EndGlobal
